
Microsoft Visual Studio Solution File, Format Version 12.00
# Visual Studio Version 17
VisualStudioVersion = 17.1.32210.238
MinimumVisualStudioVersion = 10.0.40219.1
Project("{9A19103F-16F7-4668-BE54-9A1E7A4F7556}") = "Pango.API", "Pango\Pango.API.csproj", "{E864880E-E8DA-494E-BF05-1C183031A385}"
EndProject
Project("{9A19103F-16F7-4668-BE54-9A1E7A4F7556}") = "Pango.Application", "Pango.Application\Pango.Application.csproj", "{72EF9D11-6B53-418F-BD3F-6627B36EAC24}"
EndProject
Project("{9A19103F-16F7-4668-BE54-9A1E7A4F7556}") = "Pango.Domain", "Pango.Domain\Pango.Domain.csproj", "{EE95A47A-97FC-4F2F-BCC5-771ED79ACB10}"
EndProject
Project("{9A19103F-16F7-4668-BE54-9A1E7A4F7556}") = "Pango.Infrastructure", "Pango.Infrastructure\Pango.Infrastructure.csproj", "{63685023-FEC6-49E2-93F4-3ADA28DC2D1B}"
EndProject
Project("{9A19103F-16F7-4668-BE54-9A1E7A4F7556}") = "Pango.Test.Unit", "Pango.Test.Unit\Pango.Test.Unit.csproj", "{C64EBB61-17E4-48A8-88B5-72F702DB0C34}"
EndProject
Project("{9A19103F-16F7-4668-BE54-9A1E7A4F7556}") = "Pango.Test.Integration", "Pango.Test.Integration\Pango.Test.Integration.csproj", "{81DA70C1-9739-4CAB-87F4-C51EEE144697}"
EndProject
Project("{2150E333-8FDC-42A3-9474-1A3956D46DE8}") = "Core", "Core", "{046DA3E8-0672-474C-AAAB-8F0ACAB9057C}"
EndProject
Project("{2150E333-8FDC-42A3-9474-1A3956D46DE8}") = "External", "External", "{B4CA9378-90D6-4AF4-9C9B-77202372D388}"
EndProject
Project("{2150E333-8FDC-42A3-9474-1A3956D46DE8}") = "Test", "Test", "{29406472-9E86-4B07-B6F1-6FA07ADB93D9}"
EndProject
Project("{9A19103F-16F7-4668-BE54-9A1E7A4F7556}") = "Pango.Presentation", "Pango.Presentation\Pango.Presentation.csproj", "{1AC621E6-1D41-4570-BB1D-4B4558236244}"
EndProject
Global
	GlobalSection(SolutionConfigurationPlatforms) = preSolution
		Debug|Any CPU = Debug|Any CPU
		Release|Any CPU = Release|Any CPU
	EndGlobalSection
	GlobalSection(ProjectConfigurationPlatforms) = postSolution
		{E864880E-E8DA-494E-BF05-1C183031A385}.Debug|Any CPU.ActiveCfg = Debug|Any CPU
		{E864880E-E8DA-494E-BF05-1C183031A385}.Debug|Any CPU.Build.0 = Debug|Any CPU
		{E864880E-E8DA-494E-BF05-1C183031A385}.Release|Any CPU.ActiveCfg = Release|Any CPU
		{E864880E-E8DA-494E-BF05-1C183031A385}.Release|Any CPU.Build.0 = Release|Any CPU
		{72EF9D11-6B53-418F-BD3F-6627B36EAC24}.Debug|Any CPU.ActiveCfg = Debug|Any CPU
		{72EF9D11-6B53-418F-BD3F-6627B36EAC24}.Debug|Any CPU.Build.0 = Debug|Any CPU
		{72EF9D11-6B53-418F-BD3F-6627B36EAC24}.Release|Any CPU.ActiveCfg = Release|Any CPU
		{72EF9D11-6B53-418F-BD3F-6627B36EAC24}.Release|Any CPU.Build.0 = Release|Any CPU
		{EE95A47A-97FC-4F2F-BCC5-771ED79ACB10}.Debug|Any CPU.ActiveCfg = Debug|Any CPU
		{EE95A47A-97FC-4F2F-BCC5-771ED79ACB10}.Debug|Any CPU.Build.0 = Debug|Any CPU
		{EE95A47A-97FC-4F2F-BCC5-771ED79ACB10}.Release|Any CPU.ActiveCfg = Release|Any CPU
		{EE95A47A-97FC-4F2F-BCC5-771ED79ACB10}.Release|Any CPU.Build.0 = Release|Any CPU
		{63685023-FEC6-49E2-93F4-3ADA28DC2D1B}.Debug|Any CPU.ActiveCfg = Debug|Any CPU
		{63685023-FEC6-49E2-93F4-3ADA28DC2D1B}.Debug|Any CPU.Build.0 = Debug|Any CPU
		{63685023-FEC6-49E2-93F4-3ADA28DC2D1B}.Release|Any CPU.ActiveCfg = Release|Any CPU
		{63685023-FEC6-49E2-93F4-3ADA28DC2D1B}.Release|Any CPU.Build.0 = Release|Any CPU
		{C64EBB61-17E4-48A8-88B5-72F702DB0C34}.Debug|Any CPU.ActiveCfg = Debug|Any CPU
		{C64EBB61-17E4-48A8-88B5-72F702DB0C34}.Debug|Any CPU.Build.0 = Debug|Any CPU
		{C64EBB61-17E4-48A8-88B5-72F702DB0C34}.Release|Any CPU.ActiveCfg = Release|Any CPU
		{C64EBB61-17E4-48A8-88B5-72F702DB0C34}.Release|Any CPU.Build.0 = Release|Any CPU
		{81DA70C1-9739-4CAB-87F4-C51EEE144697}.Debug|Any CPU.ActiveCfg = Debug|Any CPU
		{81DA70C1-9739-4CAB-87F4-C51EEE144697}.Debug|Any CPU.Build.0 = Debug|Any CPU
		{81DA70C1-9739-4CAB-87F4-C51EEE144697}.Release|Any CPU.ActiveCfg = Release|Any CPU
		{81DA70C1-9739-4CAB-87F4-C51EEE144697}.Release|Any CPU.Build.0 = Release|Any CPU
		{1AC621E6-1D41-4570-BB1D-4B4558236244}.Debug|Any CPU.ActiveCfg = Debug|Any CPU
		{1AC621E6-1D41-4570-BB1D-4B4558236244}.Debug|Any CPU.Build.0 = Debug|Any CPU
		{1AC621E6-1D41-4570-BB1D-4B4558236244}.Release|Any CPU.ActiveCfg = Release|Any CPU
		{1AC621E6-1D41-4570-BB1D-4B4558236244}.Release|Any CPU.Build.0 = Release|Any CPU
	EndGlobalSection
	GlobalSection(SolutionProperties) = preSolution
		HideSolutionNode = FALSE
	EndGlobalSection
	GlobalSection(NestedProjects) = preSolution
		{72EF9D11-6B53-418F-BD3F-6627B36EAC24} = {046DA3E8-0672-474C-AAAB-8F0ACAB9057C}
		{EE95A47A-97FC-4F2F-BCC5-771ED79ACB10} = {046DA3E8-0672-474C-AAAB-8F0ACAB9057C}
		{63685023-FEC6-49E2-93F4-3ADA28DC2D1B} = {B4CA9378-90D6-4AF4-9C9B-77202372D388}
		{C64EBB61-17E4-48A8-88B5-72F702DB0C34} = {29406472-9E86-4B07-B6F1-6FA07ADB93D9}
		{81DA70C1-9739-4CAB-87F4-C51EEE144697} = {29406472-9E86-4B07-B6F1-6FA07ADB93D9}
		{1AC621E6-1D41-4570-BB1D-4B4558236244} = {B4CA9378-90D6-4AF4-9C9B-77202372D388}
	EndGlobalSection
	GlobalSection(ExtensibilityGlobals) = postSolution
		SolutionGuid = {6C8CD865-3C77-48B3-9D0A-9C03CAAB4106}
	EndGlobalSection
EndGlobal
